// !$*UTF8*$!
{
	archiveVersion = 1;
	classes = {
	};
	objectVersion = 50;
	objects = {

/* Begin PBXBuildFile section */
		4F818D4C25B83C9C0058417D /* AppDelegate.swift in Sources */ = {isa = PBXBuildFile; fileRef = 4F818D4B25B83C9C0058417D /* AppDelegate.swift */; };
		4F818D4E25B83C9C0058417D /* SceneDelegate.swift in Sources */ = {isa = PBXBuildFile; fileRef = 4F818D4D25B83C9C0058417D /* SceneDelegate.swift */; };
		4F818D5025B83C9C0058417D /* ViewController.swift in Sources */ = {isa = PBXBuildFile; fileRef = 4F818D4F25B83C9C0058417D /* ViewController.swift */; };
		4F818D5325B83C9C0058417D /* Main.storyboard in Resources */ = {isa = PBXBuildFile; fileRef = 4F818D5125B83C9C0058417D /* Main.storyboard */; };
		4F818D5525B83C9E0058417D /* Assets.xcassets in Resources */ = {isa = PBXBuildFile; fileRef = 4F818D5425B83C9E0058417D /* Assets.xcassets */; };
		4F818D5825B83C9E0058417D /* LaunchScreen.storyboard in Resources */ = {isa = PBXBuildFile; fileRef = 4F818D5625B83C9E0058417D /* LaunchScreen.storyboard */; };
		4F818D6E25B83FBE0058417D /* CurrencyTests.swift in Sources */ = {isa = PBXBuildFile; fileRef = 4F818D6D25B83FBE0058417D /* CurrencyTests.swift */; };
		4F818D7C25B8410A0058417D /* CurrencyServiceTests.swift in Sources */ = {isa = PBXBuildFile; fileRef = 4F818D7B25B8410A0058417D /* CurrencyServiceTests.swift */; };
		4F818D8025B8411F0058417D /* FormatterTests.swift in Sources */ = {isa = PBXBuildFile; fileRef = 4F818D7F25B8411F0058417D /* FormatterTests.swift */; };
		4F818D8425B841340058417D /* CurrentViewModelTests.swift in Sources */ = {isa = PBXBuildFile; fileRef = 4F818D8325B841340058417D /* CurrentViewModelTests.swift */; };
		4F818D8825B841570058417D /* MockSession.swift in Sources */ = {isa = PBXBuildFile; fileRef = 4F818D8725B841570058417D /* MockSession.swift */; };
		4F818D9025B861DF0058417D /* CurrencyService.swift in Sources */ = {isa = PBXBuildFile; fileRef = 4F818D8F25B861DF0058417D /* CurrencyService.swift */; };
		4F818D9425B957C00058417D /* MockData.json in Resources */ = {isa = PBXBuildFile; fileRef = 4F818D9325B957C00058417D /* MockData.json */; };
		4F818D9C25B96E500058417D /* CurrencyServiceError.swift in Sources */ = {isa = PBXBuildFile; fileRef = 4F818D9B25B96E4F0058417D /* CurrencyServiceError.swift */; };
		4F818DA025B96F7E0058417D /* Currency.swift in Sources */ = {isa = PBXBuildFile; fileRef = 4F818D9F25B96F7E0058417D /* Currency.swift */; };
/* End PBXBuildFile section */

/* Begin PBXContainerItemProxy section */
		4F818D7025B83FBE0058417D /* PBXContainerItemProxy */ = {
			isa = PBXContainerItemProxy;
			containerPortal = 4F818D4025B83C9C0058417D /* Project object */;
			proxyType = 1;
			remoteGlobalIDString = 4F818D4725B83C9C0058417D;
			remoteInfo = Currency;
		};
/* End PBXContainerItemProxy section */

/* Begin PBXFileReference section */
		4F818D4825B83C9C0058417D /* Currency.app */ = {isa = PBXFileReference; explicitFileType = wrapper.application; includeInIndex = 0; path = Currency.app; sourceTree = BUILT_PRODUCTS_DIR; };
		4F818D4B25B83C9C0058417D /* AppDelegate.swift */ = {isa = PBXFileReference; lastKnownFileType = sourcecode.swift; path = AppDelegate.swift; sourceTree = "<group>"; };
		4F818D4D25B83C9C0058417D /* SceneDelegate.swift */ = {isa = PBXFileReference; lastKnownFileType = sourcecode.swift; path = SceneDelegate.swift; sourceTree = "<group>"; };
		4F818D4F25B83C9C0058417D /* ViewController.swift */ = {isa = PBXFileReference; lastKnownFileType = sourcecode.swift; path = ViewController.swift; sourceTree = "<group>"; };
		4F818D5225B83C9C0058417D /* Base */ = {isa = PBXFileReference; lastKnownFileType = file.storyboard; name = Base; path = Base.lproj/Main.storyboard; sourceTree = "<group>"; };
		4F818D5425B83C9E0058417D /* Assets.xcassets */ = {isa = PBXFileReference; lastKnownFileType = folder.assetcatalog; path = Assets.xcassets; sourceTree = "<group>"; };
		4F818D5725B83C9E0058417D /* Base */ = {isa = PBXFileReference; lastKnownFileType = file.storyboard; name = Base; path = Base.lproj/LaunchScreen.storyboard; sourceTree = "<group>"; };
		4F818D5925B83C9E0058417D /* Info.plist */ = {isa = PBXFileReference; lastKnownFileType = text.plist.xml; path = Info.plist; sourceTree = "<group>"; };
		4F818D6B25B83FBE0058417D /* CurrencyTests.xctest */ = {isa = PBXFileReference; explicitFileType = wrapper.cfbundle; includeInIndex = 0; path = CurrencyTests.xctest; sourceTree = BUILT_PRODUCTS_DIR; };
		4F818D6D25B83FBE0058417D /* CurrencyTests.swift */ = {isa = PBXFileReference; lastKnownFileType = sourcecode.swift; path = CurrencyTests.swift; sourceTree = "<group>"; };
		4F818D6F25B83FBE0058417D /* Info.plist */ = {isa = PBXFileReference; lastKnownFileType = text.plist.xml; path = Info.plist; sourceTree = "<group>"; };
		4F818D7B25B8410A0058417D /* CurrencyServiceTests.swift */ = {isa = PBXFileReference; lastKnownFileType = sourcecode.swift; path = CurrencyServiceTests.swift; sourceTree = "<group>"; };
		4F818D7F25B8411F0058417D /* FormatterTests.swift */ = {isa = PBXFileReference; lastKnownFileType = sourcecode.swift; path = FormatterTests.swift; sourceTree = "<group>"; };
		4F818D8325B841340058417D /* CurrentViewModelTests.swift */ = {isa = PBXFileReference; lastKnownFileType = sourcecode.swift; path = CurrentViewModelTests.swift; sourceTree = "<group>"; };
		4F818D8725B841570058417D /* MockSession.swift */ = {isa = PBXFileReference; lastKnownFileType = sourcecode.swift; path = MockSession.swift; sourceTree = "<group>"; };
		4F818D8F25B861DF0058417D /* CurrencyService.swift */ = {isa = PBXFileReference; lastKnownFileType = sourcecode.swift; path = CurrencyService.swift; sourceTree = "<group>"; };
		4F818D9325B957C00058417D /* MockData.json */ = {isa = PBXFileReference; lastKnownFileType = text.json; path = MockData.json; sourceTree = "<group>"; xcLanguageSpecificationIdentifier = xcode.lang.json; };
		4F818D9B25B96E4F0058417D /* CurrencyServiceError.swift */ = {isa = PBXFileReference; lastKnownFileType = sourcecode.swift; path = CurrencyServiceError.swift; sourceTree = "<group>"; };
		4F818D9F25B96F7E0058417D /* Currency.swift */ = {isa = PBXFileReference; lastKnownFileType = sourcecode.swift; path = Currency.swift; sourceTree = "<group>"; };
/* End PBXFileReference section */

/* Begin PBXFrameworksBuildPhase section */
		4F818D4525B83C9C0058417D /* Frameworks */ = {
			isa = PBXFrameworksBuildPhase;
			buildActionMask = 2147483647;
			files = (
			);
			runOnlyForDeploymentPostprocessing = 0;
		};
		4F818D6825B83FBE0058417D /* Frameworks */ = {
			isa = PBXFrameworksBuildPhase;
			buildActionMask = 2147483647;
			files = (
			);
			runOnlyForDeploymentPostprocessing = 0;
		};
/* End PBXFrameworksBuildPhase section */

/* Begin PBXGroup section */
		4F818D3F25B83C9C0058417D = {
			isa = PBXGroup;
			children = (
				4F818D4A25B83C9C0058417D /* Currency */,
				4F818D6C25B83FBE0058417D /* CurrencyTests */,
				4F818D4925B83C9C0058417D /* Products */,
			);
			sourceTree = "<group>";
		};
		4F818D4925B83C9C0058417D /* Products */ = {
			isa = PBXGroup;
			children = (
				4F818D4825B83C9C0058417D /* Currency.app */,
				4F818D6B25B83FBE0058417D /* CurrencyTests.xctest */,
			);
			name = Products;
			sourceTree = "<group>";
		};
		4F818D4A25B83C9C0058417D /* Currency */ = {
			isa = PBXGroup;
			children = (
				4F818D6425B83EB80058417D /* Resource */,
				4F818D6625B83EFC0058417D /* Storyboard */,
				4F818D6025B83E990058417D /* View */,
				4F818D6325B83EA60058417D /* Model */,
				4F818D6225B83EA20058417D /* Service */,
				4F818D6125B83E9E0058417D /* ViewModel */,
				4F818D4B25B83C9C0058417D /* AppDelegate.swift */,
				4F818D4D25B83C9C0058417D /* SceneDelegate.swift */,
			);
			path = Currency;
			sourceTree = "<group>";
		};
		4F818D6025B83E990058417D /* View */ = {
			isa = PBXGroup;
			children = (
				4F818D4F25B83C9C0058417D /* ViewController.swift */,
			);
			path = View;
			sourceTree = "<group>";
		};
		4F818D6125B83E9E0058417D /* ViewModel */ = {
			isa = PBXGroup;
			children = (
			);
			path = ViewModel;
			sourceTree = "<group>";
		};
		4F818D6225B83EA20058417D /* Service */ = {
			isa = PBXGroup;
			children = (
				4F818D8F25B861DF0058417D /* CurrencyService.swift */,
				4F818D9B25B96E4F0058417D /* CurrencyServiceError.swift */,
			);
			path = Service;
			sourceTree = "<group>";
		};
		4F818D6325B83EA60058417D /* Model */ = {
			isa = PBXGroup;
			children = (
				4F818D9F25B96F7E0058417D /* Currency.swift */,
			);
			path = Model;
			sourceTree = "<group>";
		};
		4F818D6425B83EB80058417D /* Resource */ = {
			isa = PBXGroup;
			children = (
				4F818D5925B83C9E0058417D /* Info.plist */,
				4F818D5425B83C9E0058417D /* Assets.xcassets */,
			);
			path = Resource;
			sourceTree = "<group>";
		};
		4F818D6625B83EFC0058417D /* Storyboard */ = {
			isa = PBXGroup;
			children = (
				4F818D5625B83C9E0058417D /* LaunchScreen.storyboard */,
				4F818D5125B83C9C0058417D /* Main.storyboard */,
			);
			path = Storyboard;
			sourceTree = "<group>";
		};
		4F818D6C25B83FBE0058417D /* CurrencyTests */ = {
			isa = PBXGroup;
			children = (
				4F818D6F25B83FBE0058417D /* Info.plist */,
				4F818D6D25B83FBE0058417D /* CurrencyTests.swift */,
				4F818D7925B840C90058417D /* FormatterTest */,
				4F818D7825B840C20058417D /* ServiceTest */,
				4F818D7725B840A30058417D /* ViewModelTest */,
				4F818D7A25B840D00058417D /* Mock */,
			);
			path = CurrencyTests;
			sourceTree = "<group>";
		};
		4F818D7725B840A30058417D /* ViewModelTest */ = {
			isa = PBXGroup;
			children = (
				4F818D8325B841340058417D /* CurrentViewModelTests.swift */,
			);
			path = ViewModelTest;
			sourceTree = "<group>";
		};
		4F818D7825B840C20058417D /* ServiceTest */ = {
			isa = PBXGroup;
			children = (
				4F818D7B25B8410A0058417D /* CurrencyServiceTests.swift */,
			);
			path = ServiceTest;
			sourceTree = "<group>";
		};
		4F818D7925B840C90058417D /* FormatterTest */ = {
			isa = PBXGroup;
			children = (
				4F818D7F25B8411F0058417D /* FormatterTests.swift */,
			);
			path = FormatterTest;
			sourceTree = "<group>";
		};
		4F818D7A25B840D00058417D /* Mock */ = {
			isa = PBXGroup;
			children = (
				4F818D8725B841570058417D /* MockSession.swift */,
				4F818D9325B957C00058417D /* MockData.json */,
			);
			path = Mock;
			sourceTree = "<group>";
		};
/* End PBXGroup section */

/* Begin PBXNativeTarget section */
		4F818D4725B83C9C0058417D /* Currency */ = {
			isa = PBXNativeTarget;
			buildConfigurationList = 4F818D5C25B83C9E0058417D /* Build configuration list for PBXNativeTarget "Currency" */;
			buildPhases = (
				4F818D4425B83C9C0058417D /* Sources */,
				4F818D4525B83C9C0058417D /* Frameworks */,
				4F818D4625B83C9C0058417D /* Resources */,
			);
			buildRules = (
			);
			dependencies = (
			);
			name = Currency;
			productName = Currency;
			productReference = 4F818D4825B83C9C0058417D /* Currency.app */;
			productType = "com.apple.product-type.application";
		};
		4F818D6A25B83FBE0058417D /* CurrencyTests */ = {
			isa = PBXNativeTarget;
			buildConfigurationList = 4F818D7225B83FBE0058417D /* Build configuration list for PBXNativeTarget "CurrencyTests" */;
			buildPhases = (
				4F818D6725B83FBE0058417D /* Sources */,
				4F818D6825B83FBE0058417D /* Frameworks */,
				4F818D6925B83FBE0058417D /* Resources */,
			);
			buildRules = (
			);
			dependencies = (
				4F818D7125B83FBE0058417D /* PBXTargetDependency */,
			);
			name = CurrencyTests;
			productName = CurrencyTests;
			productReference = 4F818D6B25B83FBE0058417D /* CurrencyTests.xctest */;
			productType = "com.apple.product-type.bundle.unit-test";
		};
/* End PBXNativeTarget section */

/* Begin PBXProject section */
		4F818D4025B83C9C0058417D /* Project object */ = {
			isa = PBXProject;
			attributes = {
				LastSwiftUpdateCheck = 1230;
				LastUpgradeCheck = 1230;
				TargetAttributes = {
					4F818D4725B83C9C0058417D = {
						CreatedOnToolsVersion = 12.3;
					};
					4F818D6A25B83FBE0058417D = {
						CreatedOnToolsVersion = 12.3;
						TestTargetID = 4F818D4725B83C9C0058417D;
					};
				};
			};
			buildConfigurationList = 4F818D4325B83C9C0058417D /* Build configuration list for PBXProject "Currency" */;
			compatibilityVersion = "Xcode 9.3";
			developmentRegion = en;
			hasScannedForEncodings = 0;
			knownRegions = (
				en,
				Base,
			);
			mainGroup = 4F818D3F25B83C9C0058417D;
			productRefGroup = 4F818D4925B83C9C0058417D /* Products */;
			projectDirPath = "";
			projectRoot = "";
			targets = (
				4F818D4725B83C9C0058417D /* Currency */,
				4F818D6A25B83FBE0058417D /* CurrencyTests */,
			);
		};
/* End PBXProject section */

/* Begin PBXResourcesBuildPhase section */
		4F818D4625B83C9C0058417D /* Resources */ = {
			isa = PBXResourcesBuildPhase;
			buildActionMask = 2147483647;
			files = (
				4F818D5825B83C9E0058417D /* LaunchScreen.storyboard in Resources */,
				4F818D5525B83C9E0058417D /* Assets.xcassets in Resources */,
				4F818D5325B83C9C0058417D /* Main.storyboard in Resources */,
			);
			runOnlyForDeploymentPostprocessing = 0;
		};
		4F818D6925B83FBE0058417D /* Resources */ = {
			isa = PBXResourcesBuildPhase;
			buildActionMask = 2147483647;
			files = (
				4F818D9425B957C00058417D /* MockData.json in Resources */,
			);
			runOnlyForDeploymentPostprocessing = 0;
		};
/* End PBXResourcesBuildPhase section */

/* Begin PBXSourcesBuildPhase section */
		4F818D4425B83C9C0058417D /* Sources */ = {
			isa = PBXSourcesBuildPhase;
			buildActionMask = 2147483647;
			files = (
				4F818DA025B96F7E0058417D /* Currency.swift in Sources */,
				4F818D9025B861DF0058417D /* CurrencyService.swift in Sources */,
				4F818D5025B83C9C0058417D /* ViewController.swift in Sources */,
				4F818D9C25B96E500058417D /* CurrencyServiceError.swift in Sources */,
				4F818D4C25B83C9C0058417D /* AppDelegate.swift in Sources */,
				4F818D4E25B83C9C0058417D /* SceneDelegate.swift in Sources */,
			);
			runOnlyForDeploymentPostprocessing = 0;
		};
		4F818D6725B83FBE0058417D /* Sources */ = {
			isa = PBXSourcesBuildPhase;
			buildActionMask = 2147483647;
			files = (
				4F818D8425B841340058417D /* CurrentViewModelTests.swift in Sources */,
				4F818D8825B841570058417D /* MockSession.swift in Sources */,
				4F818D8025B8411F0058417D /* FormatterTests.swift in Sources */,
				4F818D7C25B8410A0058417D /* CurrencyServiceTests.swift in Sources */,
				4F818D6E25B83FBE0058417D /* CurrencyTests.swift in Sources */,
			);
			runOnlyForDeploymentPostprocessing = 0;
		};
/* End PBXSourcesBuildPhase section */

/* Begin PBXTargetDependency section */
		4F818D7125B83FBE0058417D /* PBXTargetDependency */ = {
			isa = PBXTargetDependency;
			target = 4F818D4725B83C9C0058417D /* Currency */;
			targetProxy = 4F818D7025B83FBE0058417D /* PBXContainerItemProxy */;
		};
/* End PBXTargetDependency section */

/* Begin PBXVariantGroup section */
		4F818D5125B83C9C0058417D /* Main.storyboard */ = {
			isa = PBXVariantGroup;
			children = (
				4F818D5225B83C9C0058417D /* Base */,
			);
			name = Main.storyboard;
			sourceTree = "<group>";
		};
		4F818D5625B83C9E0058417D /* LaunchScreen.storyboard */ = {
			isa = PBXVariantGroup;
			children = (
				4F818D5725B83C9E0058417D /* Base */,
			);
			name = LaunchScreen.storyboard;
			sourceTree = "<group>";
		};
/* End PBXVariantGroup section */

/* Begin XCBuildConfiguration section */
		4F818D5A25B83C9E0058417D /* Debug */ = {
			isa = XCBuildConfiguration;
			buildSettings = {
				ALWAYS_SEARCH_USER_PATHS = NO;
				CLANG_ANALYZER_NONNULL = YES;
				CLANG_ANALYZER_NUMBER_OBJECT_CONVERSION = YES_AGGRESSIVE;
				CLANG_CXX_LANGUAGE_STANDARD = "gnu++14";
				CLANG_CXX_LIBRARY = "libc++";
				CLANG_ENABLE_MODULES = YES;
				CLANG_ENABLE_OBJC_ARC = YES;
				CLANG_ENABLE_OBJC_WEAK = YES;
				CLANG_WARN_BLOCK_CAPTURE_AUTORELEASING = YES;
				CLANG_WARN_BOOL_CONVERSION = YES;
				CLANG_WARN_COMMA = YES;
				CLANG_WARN_CONSTANT_CONVERSION = YES;
				CLANG_WARN_DEPRECATED_OBJC_IMPLEMENTATIONS = YES;
				CLANG_WARN_DIRECT_OBJC_ISA_USAGE = YES_ERROR;
				CLANG_WARN_DOCUMENTATION_COMMENTS = YES;
				CLANG_WARN_EMPTY_BODY = YES;
				CLANG_WARN_ENUM_CONVERSION = YES;
				CLANG_WARN_INFINITE_RECURSION = YES;
				CLANG_WARN_INT_CONVERSION = YES;
				CLANG_WARN_NON_LITERAL_NULL_CONVERSION = YES;
				CLANG_WARN_OBJC_IMPLICIT_RETAIN_SELF = YES;
				CLANG_WARN_OBJC_LITERAL_CONVERSION = YES;
				CLANG_WARN_OBJC_ROOT_CLASS = YES_ERROR;
				CLANG_WARN_QUOTED_INCLUDE_IN_FRAMEWORK_HEADER = YES;
				CLANG_WARN_RANGE_LOOP_ANALYSIS = YES;
				CLANG_WARN_STRICT_PROTOTYPES = YES;
				CLANG_WARN_SUSPICIOUS_MOVE = YES;
				CLANG_WARN_UNGUARDED_AVAILABILITY = YES_AGGRESSIVE;
				CLANG_WARN_UNREACHABLE_CODE = YES;
				CLANG_WARN__DUPLICATE_METHOD_MATCH = YES;
				COPY_PHASE_STRIP = NO;
				DEBUG_INFORMATION_FORMAT = dwarf;
				ENABLE_STRICT_OBJC_MSGSEND = YES;
				ENABLE_TESTABILITY = YES;
				GCC_C_LANGUAGE_STANDARD = gnu11;
				GCC_DYNAMIC_NO_PIC = NO;
				GCC_NO_COMMON_BLOCKS = YES;
				GCC_OPTIMIZATION_LEVEL = 0;
				GCC_PREPROCESSOR_DEFINITIONS = (
					"DEBUG=1",
					"$(inherited)",
				);
				GCC_WARN_64_TO_32_BIT_CONVERSION = YES;
				GCC_WARN_ABOUT_RETURN_TYPE = YES_ERROR;
				GCC_WARN_UNDECLARED_SELECTOR = YES;
				GCC_WARN_UNINITIALIZED_AUTOS = YES_AGGRESSIVE;
				GCC_WARN_UNUSED_FUNCTION = YES;
				GCC_WARN_UNUSED_VARIABLE = YES;
				IPHONEOS_DEPLOYMENT_TARGET = 14.3;
				MTL_ENABLE_DEBUG_INFO = INCLUDE_SOURCE;
				MTL_FAST_MATH = YES;
				ONLY_ACTIVE_ARCH = YES;
				SDKROOT = iphoneos;
				SWIFT_ACTIVE_COMPILATION_CONDITIONS = DEBUG;
				SWIFT_OPTIMIZATION_LEVEL = "-Onone";
			};
			name = Debug;
		};
		4F818D5B25B83C9E0058417D /* Release */ = {
			isa = XCBuildConfiguration;
			buildSettings = {
				ALWAYS_SEARCH_USER_PATHS = NO;
				CLANG_ANALYZER_NONNULL = YES;
				CLANG_ANALYZER_NUMBER_OBJECT_CONVERSION = YES_AGGRESSIVE;
				CLANG_CXX_LANGUAGE_STANDARD = "gnu++14";
				CLANG_CXX_LIBRARY = "libc++";
				CLANG_ENABLE_MODULES = YES;
				CLANG_ENABLE_OBJC_ARC = YES;
				CLANG_ENABLE_OBJC_WEAK = YES;
				CLANG_WARN_BLOCK_CAPTURE_AUTORELEASING = YES;
				CLANG_WARN_BOOL_CONVERSION = YES;
				CLANG_WARN_COMMA = YES;
				CLANG_WARN_CONSTANT_CONVERSION = YES;
				CLANG_WARN_DEPRECATED_OBJC_IMPLEMENTATIONS = YES;
				CLANG_WARN_DIRECT_OBJC_ISA_USAGE = YES_ERROR;
				CLANG_WARN_DOCUMENTATION_COMMENTS = YES;
				CLANG_WARN_EMPTY_BODY = YES;
				CLANG_WARN_ENUM_CONVERSION = YES;
				CLANG_WARN_INFINITE_RECURSION = YES;
				CLANG_WARN_INT_CONVERSION = YES;
				CLANG_WARN_NON_LITERAL_NULL_CONVERSION = YES;
				CLANG_WARN_OBJC_IMPLICIT_RETAIN_SELF = YES;
				CLANG_WARN_OBJC_LITERAL_CONVERSION = YES;
				CLANG_WARN_OBJC_ROOT_CLASS = YES_ERROR;
				CLANG_WARN_QUOTED_INCLUDE_IN_FRAMEWORK_HEADER = YES;
				CLANG_WARN_RANGE_LOOP_ANALYSIS = YES;
				CLANG_WARN_STRICT_PROTOTYPES = YES;
				CLANG_WARN_SUSPICIOUS_MOVE = YES;
				CLANG_WARN_UNGUARDED_AVAILABILITY = YES_AGGRESSIVE;
				CLANG_WARN_UNREACHABLE_CODE = YES;
				CLANG_WARN__DUPLICATE_METHOD_MATCH = YES;
				COPY_PHASE_STRIP = NO;
				DEBUG_INFORMATION_FORMAT = "dwarf-with-dsym";
				ENABLE_NS_ASSERTIONS = NO;
				ENABLE_STRICT_OBJC_MSGSEND = YES;
				GCC_C_LANGUAGE_STANDARD = gnu11;
				GCC_NO_COMMON_BLOCKS = YES;
				GCC_WARN_64_TO_32_BIT_CONVERSION = YES;
				GCC_WARN_ABOUT_RETURN_TYPE = YES_ERROR;
				GCC_WARN_UNDECLARED_SELECTOR = YES;
				GCC_WARN_UNINITIALIZED_AUTOS = YES_AGGRESSIVE;
				GCC_WARN_UNUSED_FUNCTION = YES;
				GCC_WARN_UNUSED_VARIABLE = YES;
				IPHONEOS_DEPLOYMENT_TARGET = 14.3;
				MTL_ENABLE_DEBUG_INFO = NO;
				MTL_FAST_MATH = YES;
				SDKROOT = iphoneos;
				SWIFT_COMPILATION_MODE = wholemodule;
				SWIFT_OPTIMIZATION_LEVEL = "-O";
				VALIDATE_PRODUCT = YES;
			};
			name = Release;
		};
		4F818D5D25B83C9E0058417D /* Debug */ = {
			isa = XCBuildConfiguration;
			buildSettings = {
				ASSETCATALOG_COMPILER_APPICON_NAME = AppIcon;
				ASSETCATALOG_COMPILER_GLOBAL_ACCENT_COLOR_NAME = AccentColor;
				CODE_SIGN_STYLE = Automatic;
				DEVELOPMENT_TEAM = 2JXBLEGTYV;
				INFOPLIST_FILE = Currency/Resource/Info.plist;
				LD_RUNPATH_SEARCH_PATHS = (
					"$(inherited)",
					"@executable_path/Frameworks",
				);
				PRODUCT_BUNDLE_IDENTIFIER = sangeui.Currency;
				PRODUCT_NAME = "$(TARGET_NAME)";
				SWIFT_VERSION = 5.0;
				TARGETED_DEVICE_FAMILY = "1,2";
			};
			name = Debug;
		};
		4F818D5E25B83C9E0058417D /* Release */ = {
			isa = XCBuildConfiguration;
			buildSettings = {
				ASSETCATALOG_COMPILER_APPICON_NAME = AppIcon;
				ASSETCATALOG_COMPILER_GLOBAL_ACCENT_COLOR_NAME = AccentColor;
				CODE_SIGN_STYLE = Automatic;
				DEVELOPMENT_TEAM = 2JXBLEGTYV;
				INFOPLIST_FILE = Currency/Resource/Info.plist;
				LD_RUNPATH_SEARCH_PATHS = (
					"$(inherited)",
					"@executable_path/Frameworks",
				);
				PRODUCT_BUNDLE_IDENTIFIER = sangeui.Currency;
				PRODUCT_NAME = "$(TARGET_NAME)";
				SWIFT_VERSION = 5.0;
				TARGETED_DEVICE_FAMILY = "1,2";
			};
			name = Release;
		};
		4F818D7325B83FBE0058417D /* Debug */ = {
			isa = XCBuildConfiguration;
			buildSettings = {
				BUNDLE_LOADER = "$(TEST_HOST)";
				CODE_SIGN_STYLE = Automatic;
				DEVELOPMENT_TEAM = 2JXBLEGTYV;
				INFOPLIST_FILE = CurrencyTests/Info.plist;
				LD_RUNPATH_SEARCH_PATHS = (
					"$(inherited)",
					"@executable_path/Frameworks",
					"@loader_path/Frameworks",
				);
				PRODUCT_BUNDLE_IDENTIFIER = sangeui.CurrencyTests;
				PRODUCT_NAME = "$(TARGET_NAME)";
				SWIFT_VERSION = 5.0;
				TARGETED_DEVICE_FAMILY = "1,2";
				TEST_HOST = "$(BUILT_PRODUCTS_DIR)/Currency.app/Currency";
			};
			name = Debug;
		};
		4F818D7425B83FBE0058417D /* Release */ = {
			isa = XCBuildConfiguration;
			buildSettings = {
				BUNDLE_LOADER = "$(TEST_HOST)";
				CODE_SIGN_STYLE = Automatic;
				DEVELOPMENT_TEAM = 2JXBLEGTYV;
				INFOPLIST_FILE = CurrencyTests/Info.plist;
				LD_RUNPATH_SEARCH_PATHS = (
					"$(inherited)",
					"@executable_path/Frameworks",
					"@loader_path/Frameworks",
				);
				PRODUCT_BUNDLE_IDENTIFIER = sangeui.CurrencyTests;
				PRODUCT_NAME = "$(TARGET_NAME)";
				SWIFT_VERSION = 5.0;
				TARGETED_DEVICE_FAMILY = "1,2";
				TEST_HOST = "$(BUILT_PRODUCTS_DIR)/Currency.app/Currency";
			};
			name = Release;
		};
/* End XCBuildConfiguration section */

/* Begin XCConfigurationList section */
		4F818D4325B83C9C0058417D /* Build configuration list for PBXProject "Currency" */ = {
			isa = XCConfigurationList;
			buildConfigurations = (
				4F818D5A25B83C9E0058417D /* Debug */,
				4F818D5B25B83C9E0058417D /* Release */,
			);
			defaultConfigurationIsVisible = 0;
			defaultConfigurationName = Release;
		};
		4F818D5C25B83C9E0058417D /* Build configuration list for PBXNativeTarget "Currency" */ = {
			isa = XCConfigurationList;
			buildConfigurations = (
				4F818D5D25B83C9E0058417D /* Debug */,
				4F818D5E25B83C9E0058417D /* Release */,
			);
			defaultConfigurationIsVisible = 0;
			defaultConfigurationName = Release;
		};
		4F818D7225B83FBE0058417D /* Build configuration list for PBXNativeTarget "CurrencyTests" */ = {
			isa = XCConfigurationList;
			buildConfigurations = (
				4F818D7325B83FBE0058417D /* Debug */,
				4F818D7425B83FBE0058417D /* Release */,
			);
			defaultConfigurationIsVisible = 0;
			defaultConfigurationName = Release;
		};
/* End XCConfigurationList section */
	};
	rootObject = 4F818D4025B83C9C0058417D /* Project object */;
}
